// !$*UTF8*$!
{
	archiveVersion = 1;
	classes = {
	};
	objectVersion = 77;
	objects = {

/* Begin PBXBuildFile section */
		654DED2B2DC095400059C268 /* MapLibre in Frameworks */ = {isa = PBXBuildFile; productRef = 654DED2A2DC095400059C268 /* MapLibre */; };
		657BA6A42DCDEF9400C2ADDE /* MCEmojiPicker in Frameworks */ = {isa = PBXBuildFile; productRef = 657BA6A32DCDEF9400C2ADDE /* MCEmojiPicker */; };
		658B2F332D9949F7004DE038 /* SwiftyCrop in Frameworks */ = {isa = PBXBuildFile; productRef = 658B2F322D9949F7004DE038 /* SwiftyCrop */; };
		AAEC10142DC08AB30089C05A /* FirebaseInAppMessaging-Beta in Frameworks */ = {isa = PBXBuildFile; productRef = AAEC10132DC08AB30089C05A /* FirebaseInAppMessaging-Beta */; };
		AAEC10162DC08AB30089C05A /* FirebaseMessaging in Frameworks */ = {isa = PBXBuildFile; productRef = AAEC10152DC08AB30089C05A /* FirebaseMessaging */; };
		AAEC10182DC08D4C0089C05A /* FirebaseCore in Frameworks */ = {isa = PBXBuildFile; productRef = AAEC10172DC08D4C0089C05A /* FirebaseCore */; };
		DC0171592D43507E003BF3DB /* GoogleSignIn in Frameworks */ = {isa = PBXBuildFile; productRef = DC0171582D43507E003BF3DB /* GoogleSignIn */; };
		DC01715B2D43507E003BF3DB /* GoogleSignInSwift in Frameworks */ = {isa = PBXBuildFile; productRef = DC01715A2D43507E003BF3DB /* GoogleSignInSwift */; };
		DC46ADCE2E20E4850006CB18 /* ElegantEmojiPicker in Frameworks */ = {isa = PBXBuildFile; productRef = DC46ADCD2E20E4850006CB18 /* ElegantEmojiPicker */; };
		DC46AFB22E232D160006CB18 /* RiveRuntime in Frameworks */ = {isa = PBXBuildFile; productRef = DC46AFB12E232D160006CB18 /* RiveRuntime */; };
/* End PBXBuildFile section */

/* Begin PBXContainerItemProxy section */
		65D5036F2CD86EB600923A01 /* PBXContainerItemProxy */ = {
			isa = PBXContainerItemProxy;
			containerPortal = 65D503512CD86EB300923A01 /* Project object */;
			proxyType = 1;
			remoteGlobalIDString = 65D503582CD86EB300923A01;
			remoteInfo = "Spawn-App-iOS-SwiftUI";
		};
		65D503792CD86EB600923A01 /* PBXContainerItemProxy */ = {
			isa = PBXContainerItemProxy;
			containerPortal = 65D503512CD86EB300923A01 /* Project object */;
			proxyType = 1;
			remoteGlobalIDString = 65D503582CD86EB300923A01;
			remoteInfo = "Spawn-App-iOS-SwiftUI";
		};
/* End PBXContainerItemProxy section */

/* Begin PBXFileReference section */
		65D503592CD86EB300923A01 /* Spawn-App-iOS-SwiftUI.app */ = {isa = PBXFileReference; explicitFileType = wrapper.application; includeInIndex = 0; path = "Spawn-App-iOS-SwiftUI.app"; sourceTree = BUILT_PRODUCTS_DIR; };
		65D5036E2CD86EB600923A01 /* Spawn-App-iOS-SwiftUITests.xctest */ = {isa = PBXFileReference; explicitFileType = wrapper.cfbundle; includeInIndex = 0; path = "Spawn-App-iOS-SwiftUITests.xctest"; sourceTree = BUILT_PRODUCTS_DIR; };
		65D503782CD86EB600923A01 /* Spawn-App-iOS-SwiftUIUITests.xctest */ = {isa = PBXFileReference; explicitFileType = wrapper.cfbundle; includeInIndex = 0; path = "Spawn-App-iOS-SwiftUIUITests.xctest"; sourceTree = BUILT_PRODUCTS_DIR; };
/* End PBXFileReference section */

/* Begin PBXFileSystemSynchronizedBuildFileExceptionSet section */
		DC44BC0A2D1C3EFD00420368 /* Exceptions for "Spawn-App-iOS-SwiftUI" folder in "Spawn-App-iOS-SwiftUI" target */ = {
			isa = PBXFileSystemSynchronizedBuildFileExceptionSet;
			membershipExceptions = (
				Info.plist,
			);
			target = 65D503582CD86EB300923A01 /* Spawn-App-iOS-SwiftUI */;
		};
/* End PBXFileSystemSynchronizedBuildFileExceptionSet section */

/* Begin PBXFileSystemSynchronizedRootGroup section */
		65D5035B2CD86EB300923A01 /* Spawn-App-iOS-SwiftUI */ = {
			isa = PBXFileSystemSynchronizedRootGroup;
			exceptions = (
				DC44BC0A2D1C3EFD00420368 /* Exceptions for "Spawn-App-iOS-SwiftUI" folder in "Spawn-App-iOS-SwiftUI" target */,
			);
			path = "Spawn-App-iOS-SwiftUI";
			sourceTree = "<group>";
		};
		65D503712CD86EB600923A01 /* Spawn-App-iOS-SwiftUITests */ = {
			isa = PBXFileSystemSynchronizedRootGroup;
			path = "Spawn-App-iOS-SwiftUITests";
			sourceTree = "<group>";
		};
		65D5037B2CD86EB600923A01 /* Spawn-App-iOS-SwiftUIUITests */ = {
			isa = PBXFileSystemSynchronizedRootGroup;
			path = "Spawn-App-iOS-SwiftUIUITests";
			sourceTree = "<group>";
		};
/* End PBXFileSystemSynchronizedRootGroup section */

/* Begin PBXFrameworksBuildPhase section */
		65D503562CD86EB300923A01 /* Frameworks */ = {
			isa = PBXFrameworksBuildPhase;
			buildActionMask = 2147483647;
			files = (
				DC46ADCE2E20E4850006CB18 /* ElegantEmojiPicker in Frameworks */,
				AAEC10162DC08AB30089C05A /* FirebaseMessaging in Frameworks */,
				658B2F332D9949F7004DE038 /* SwiftyCrop in Frameworks */,
				654DED2B2DC095400059C268 /* MapLibre in Frameworks */,
				DC01715B2D43507E003BF3DB /* GoogleSignInSwift in Frameworks */,
				DC46AFB22E232D160006CB18 /* RiveRuntime in Frameworks */,
				AAEC10182DC08D4C0089C05A /* FirebaseCore in Frameworks */,
				DC0171592D43507E003BF3DB /* GoogleSignIn in Frameworks */,
				AAEC10142DC08AB30089C05A /* FirebaseInAppMessaging-Beta in Frameworks */,
				657BA6A42DCDEF9400C2ADDE /* MCEmojiPicker in Frameworks */,
			);
			runOnlyForDeploymentPostprocessing = 0;
		};
		65D5036B2CD86EB600923A01 /* Frameworks */ = {
			isa = PBXFrameworksBuildPhase;
			buildActionMask = 2147483647;
			files = (
			);
			runOnlyForDeploymentPostprocessing = 0;
		};
		65D503752CD86EB600923A01 /* Frameworks */ = {
			isa = PBXFrameworksBuildPhase;
			buildActionMask = 2147483647;
			files = (
			);
			runOnlyForDeploymentPostprocessing = 0;
		};
/* End PBXFrameworksBuildPhase section */

/* Begin PBXGroup section */
		65D503502CD86EB300923A01 = {
			isa = PBXGroup;
			children = (
				65D5035B2CD86EB300923A01 /* Spawn-App-iOS-SwiftUI */,
				65D503712CD86EB600923A01 /* Spawn-App-iOS-SwiftUITests */,
				65D5037B2CD86EB600923A01 /* Spawn-App-iOS-SwiftUIUITests */,
				65D5035A2CD86EB300923A01 /* Products */,
			);
			sourceTree = "<group>";
		};
		65D5035A2CD86EB300923A01 /* Products */ = {
			isa = PBXGroup;
			children = (
				65D503592CD86EB300923A01 /* Spawn-App-iOS-SwiftUI.app */,
				65D5036E2CD86EB600923A01 /* Spawn-App-iOS-SwiftUITests.xctest */,
				65D503782CD86EB600923A01 /* Spawn-App-iOS-SwiftUIUITests.xctest */,
			);
			name = Products;
			sourceTree = "<group>";
		};
/* End PBXGroup section */

/* Begin PBXNativeTarget section */
		65D503582CD86EB300923A01 /* Spawn-App-iOS-SwiftUI */ = {
			isa = PBXNativeTarget;
			buildConfigurationList = 65D503822CD86EB600923A01 /* Build configuration list for PBXNativeTarget "Spawn-App-iOS-SwiftUI" */;
			buildPhases = (
				65D503552CD86EB300923A01 /* Sources */,
				65D503562CD86EB300923A01 /* Frameworks */,
				65D503572CD86EB300923A01 /* Resources */,
			);
			buildRules = (
			);
			dependencies = (
			);
			fileSystemSynchronizedGroups = (
				65D5035B2CD86EB300923A01 /* Spawn-App-iOS-SwiftUI */,
			);
			name = "Spawn-App-iOS-SwiftUI";
			packageProductDependencies = (
				DC0171582D43507E003BF3DB /* GoogleSignIn */,
				DC01715A2D43507E003BF3DB /* GoogleSignInSwift */,
				658B2F322D9949F7004DE038 /* SwiftyCrop */,
				654DED2A2DC095400059C268 /* MapLibre */,
				AAEC10132DC08AB30089C05A /* FirebaseInAppMessaging-Beta */,
				AAEC10152DC08AB30089C05A /* FirebaseMessaging */,
				AAEC10172DC08D4C0089C05A /* FirebaseCore */,
				657BA6A32DCDEF9400C2ADDE /* MCEmojiPicker */,
				DC46ADCD2E20E4850006CB18 /* ElegantEmojiPicker */,
				DC46AFB12E232D160006CB18 /* RiveRuntime */,
			);
			productName = "Spawn-App-iOS-SwiftUI";
			productReference = 65D503592CD86EB300923A01 /* Spawn-App-iOS-SwiftUI.app */;
			productType = "com.apple.product-type.application";
		};
		65D5036D2CD86EB600923A01 /* Spawn-App-iOS-SwiftUITests */ = {
			isa = PBXNativeTarget;
			buildConfigurationList = 65D503852CD86EB600923A01 /* Build configuration list for PBXNativeTarget "Spawn-App-iOS-SwiftUITests" */;
			buildPhases = (
				65D5036A2CD86EB600923A01 /* Sources */,
				65D5036B2CD86EB600923A01 /* Frameworks */,
				65D5036C2CD86EB600923A01 /* Resources */,
			);
			buildRules = (
			);
			dependencies = (
				65D503702CD86EB600923A01 /* PBXTargetDependency */,
			);
			fileSystemSynchronizedGroups = (
				65D503712CD86EB600923A01 /* Spawn-App-iOS-SwiftUITests */,
			);
			name = "Spawn-App-iOS-SwiftUITests";
			packageProductDependencies = (
			);
			productName = "Spawn-App-iOS-SwiftUITests";
			productReference = 65D5036E2CD86EB600923A01 /* Spawn-App-iOS-SwiftUITests.xctest */;
			productType = "com.apple.product-type.bundle.unit-test";
		};
		65D503772CD86EB600923A01 /* Spawn-App-iOS-SwiftUIUITests */ = {
			isa = PBXNativeTarget;
			buildConfigurationList = 65D503882CD86EB600923A01 /* Build configuration list for PBXNativeTarget "Spawn-App-iOS-SwiftUIUITests" */;
			buildPhases = (
				65D503742CD86EB600923A01 /* Sources */,
				65D503752CD86EB600923A01 /* Frameworks */,
				65D503762CD86EB600923A01 /* Resources */,
			);
			buildRules = (
			);
			dependencies = (
				65D5037A2CD86EB600923A01 /* PBXTargetDependency */,
			);
			fileSystemSynchronizedGroups = (
				65D5037B2CD86EB600923A01 /* Spawn-App-iOS-SwiftUIUITests */,
			);
			name = "Spawn-App-iOS-SwiftUIUITests";
			packageProductDependencies = (
			);
			productName = "Spawn-App-iOS-SwiftUIUITests";
			productReference = 65D503782CD86EB600923A01 /* Spawn-App-iOS-SwiftUIUITests.xctest */;
			productType = "com.apple.product-type.bundle.ui-testing";
		};
/* End PBXNativeTarget section */

/* Begin PBXProject section */
		65D503512CD86EB300923A01 /* Project object */ = {
			isa = PBXProject;
			attributes = {
				BuildIndependentTargetsInParallel = 1;
				LastSwiftUpdateCheck = 1610;
				LastUpgradeCheck = 1610;
				TargetAttributes = {
					65D503582CD86EB300923A01 = {
						CreatedOnToolsVersion = 16.1;
					};
					65D5036D2CD86EB600923A01 = {
						CreatedOnToolsVersion = 16.1;
						TestTargetID = 65D503582CD86EB300923A01;
					};
					65D503772CD86EB600923A01 = {
						CreatedOnToolsVersion = 16.1;
						TestTargetID = 65D503582CD86EB300923A01;
					};
				};
			};
			buildConfigurationList = 65D503542CD86EB300923A01 /* Build configuration list for PBXProject "Spawn-App-iOS-SwiftUI" */;
			developmentRegion = en;
			hasScannedForEncodings = 0;
			knownRegions = (
				en,
				Base,
			);
			mainGroup = 65D503502CD86EB300923A01;
			minimizedProjectReferenceProxies = 1;
			packageReferences = (
				654DED292DC095400059C268 /* XCRemoteSwiftPackageReference "maplibre-gl-native-distribution" */,
				DC0171572D43507E003BF3DB /* XCRemoteSwiftPackageReference "GoogleSignIn-iOS" */,
				658B2F312D9949F7004DE038 /* XCRemoteSwiftPackageReference "SwiftyCrop" */,
				654DED292DC095400059C268 /* XCRemoteSwiftPackageReference "maplibre-gl-native-distribution" */,
				AAEC10122DC08AB30089C05A /* XCRemoteSwiftPackageReference "firebase-ios-sdk" */,
				657BA6A22DCDEF9400C2ADDE /* XCRemoteSwiftPackageReference "MCEmojiPicker" */,
				DC46ADCC2E20E4850006CB18 /* XCRemoteSwiftPackageReference "Elegant-Emoji-Picker" */,
				DC46AFB02E232D160006CB18 /* XCRemoteSwiftPackageReference "rive-ios" */,
			);
			preferredProjectObjectVersion = 77;
			productRefGroup = 65D5035A2CD86EB300923A01 /* Products */;
			projectDirPath = "";
			projectRoot = "";
			targets = (
				65D503582CD86EB300923A01 /* Spawn-App-iOS-SwiftUI */,
				65D5036D2CD86EB600923A01 /* Spawn-App-iOS-SwiftUITests */,
				65D503772CD86EB600923A01 /* Spawn-App-iOS-SwiftUIUITests */,
			);
		};
/* End PBXProject section */

/* Begin PBXResourcesBuildPhase section */
		65D503572CD86EB300923A01 /* Resources */ = {
			isa = PBXResourcesBuildPhase;
			buildActionMask = 2147483647;
			files = (
			);
			runOnlyForDeploymentPostprocessing = 0;
		};
		65D5036C2CD86EB600923A01 /* Resources */ = {
			isa = PBXResourcesBuildPhase;
			buildActionMask = 2147483647;
			files = (
			);
			runOnlyForDeploymentPostprocessing = 0;
		};
		65D503762CD86EB600923A01 /* Resources */ = {
			isa = PBXResourcesBuildPhase;
			buildActionMask = 2147483647;
			files = (
			);
			runOnlyForDeploymentPostprocessing = 0;
		};
/* End PBXResourcesBuildPhase section */

/* Begin PBXSourcesBuildPhase section */
		65D503552CD86EB300923A01 /* Sources */ = {
			isa = PBXSourcesBuildPhase;
			buildActionMask = 2147483647;
			files = (
			);
			runOnlyForDeploymentPostprocessing = 0;
		};
		65D5036A2CD86EB600923A01 /* Sources */ = {
			isa = PBXSourcesBuildPhase;
			buildActionMask = 2147483647;
			files = (
			);
			runOnlyForDeploymentPostprocessing = 0;
		};
		65D503742CD86EB600923A01 /* Sources */ = {
			isa = PBXSourcesBuildPhase;
			buildActionMask = 2147483647;
			files = (
			);
			runOnlyForDeploymentPostprocessing = 0;
		};
/* End PBXSourcesBuildPhase section */

/* Begin PBXTargetDependency section */
		65D503702CD86EB600923A01 /* PBXTargetDependency */ = {
			isa = PBXTargetDependency;
			target = 65D503582CD86EB300923A01 /* Spawn-App-iOS-SwiftUI */;
			targetProxy = 65D5036F2CD86EB600923A01 /* PBXContainerItemProxy */;
		};
		65D5037A2CD86EB600923A01 /* PBXTargetDependency */ = {
			isa = PBXTargetDependency;
			target = 65D503582CD86EB300923A01 /* Spawn-App-iOS-SwiftUI */;
			targetProxy = 65D503792CD86EB600923A01 /* PBXContainerItemProxy */;
		};
/* End PBXTargetDependency section */

/* Begin XCBuildConfiguration section */
		65D503802CD86EB600923A01 /* Debug */ = {
			isa = XCBuildConfiguration;
			buildSettings = {
				ALWAYS_SEARCH_USER_PATHS = NO;
				ASSETCATALOG_COMPILER_GENERATE_SWIFT_ASSET_SYMBOL_EXTENSIONS = YES;
				CLANG_ANALYZER_NONNULL = YES;
				CLANG_ANALYZER_NUMBER_OBJECT_CONVERSION = YES_AGGRESSIVE;
				CLANG_CXX_LANGUAGE_STANDARD = "gnu++20";
				CLANG_ENABLE_MODULES = YES;
				CLANG_ENABLE_OBJC_ARC = YES;
				CLANG_ENABLE_OBJC_WEAK = YES;
				CLANG_WARN_BLOCK_CAPTURE_AUTORELEASING = YES;
				CLANG_WARN_BOOL_CONVERSION = YES;
				CLANG_WARN_COMMA = YES;
				CLANG_WARN_CONSTANT_CONVERSION = YES;
				CLANG_WARN_DEPRECATED_OBJC_IMPLEMENTATIONS = YES;
				CLANG_WARN_DIRECT_OBJC_ISA_USAGE = YES_ERROR;
				CLANG_WARN_DOCUMENTATION_COMMENTS = YES;
				CLANG_WARN_EMPTY_BODY = YES;
				CLANG_WARN_ENUM_CONVERSION = YES;
				CLANG_WARN_INFINITE_RECURSION = YES;
				CLANG_WARN_INT_CONVERSION = YES;
				CLANG_WARN_NON_LITERAL_NULL_CONVERSION = YES;
				CLANG_WARN_OBJC_IMPLICIT_RETAIN_SELF = YES;
				CLANG_WARN_OBJC_LITERAL_CONVERSION = YES;
				CLANG_WARN_OBJC_ROOT_CLASS = YES_ERROR;
				CLANG_WARN_QUOTED_INCLUDE_IN_FRAMEWORK_HEADER = YES;
				CLANG_WARN_RANGE_LOOP_ANALYSIS = YES;
				CLANG_WARN_STRICT_PROTOTYPES = YES;
				CLANG_WARN_SUSPICIOUS_MOVE = YES;
				CLANG_WARN_UNGUARDED_AVAILABILITY = YES_AGGRESSIVE;
				CLANG_WARN_UNREACHABLE_CODE = YES;
				CLANG_WARN__DUPLICATE_METHOD_MATCH = YES;
				COPY_PHASE_STRIP = NO;
				DEBUG_INFORMATION_FORMAT = "dwarf-with-dsym";
				ENABLE_STRICT_OBJC_MSGSEND = YES;
				ENABLE_TESTABILITY = YES;
				ENABLE_USER_SCRIPT_SANDBOXING = YES;
				GCC_C_LANGUAGE_STANDARD = gnu17;
				GCC_DYNAMIC_NO_PIC = NO;
				GCC_NO_COMMON_BLOCKS = YES;
				GCC_OPTIMIZATION_LEVEL = 0;
				GCC_PREPROCESSOR_DEFINITIONS = (
					"DEBUG=1",
					"$(inherited)",
				);
				GCC_WARN_64_TO_32_BIT_CONVERSION = YES;
				GCC_WARN_ABOUT_RETURN_TYPE = YES_ERROR;
				GCC_WARN_UNDECLARED_SELECTOR = YES;
				GCC_WARN_UNINITIALIZED_AUTOS = YES_AGGRESSIVE;
				GCC_WARN_UNUSED_FUNCTION = YES;
				GCC_WARN_UNUSED_VARIABLE = YES;
				IPHONEOS_DEPLOYMENT_TARGET = 18.1;
				LOCALIZATION_PREFERS_STRING_CATALOGS = YES;
				MTL_ENABLE_DEBUG_INFO = INCLUDE_SOURCE;
				MTL_FAST_MATH = YES;
				ONLY_ACTIVE_ARCH = YES;
				SDKROOT = iphoneos;
				SWIFT_ACTIVE_COMPILATION_CONDITIONS = "DEBUG $(inherited)";
				SWIFT_OPTIMIZATION_LEVEL = "-Onone";
			};
			name = Debug;
		};
		65D503812CD86EB600923A01 /* Release */ = {
			isa = XCBuildConfiguration;
			buildSettings = {
				ALWAYS_SEARCH_USER_PATHS = NO;
				ASSETCATALOG_COMPILER_GENERATE_SWIFT_ASSET_SYMBOL_EXTENSIONS = YES;
				CLANG_ANALYZER_NONNULL = YES;
				CLANG_ANALYZER_NUMBER_OBJECT_CONVERSION = YES_AGGRESSIVE;
				CLANG_CXX_LANGUAGE_STANDARD = "gnu++20";
				CLANG_ENABLE_MODULES = YES;
				CLANG_ENABLE_OBJC_ARC = YES;
				CLANG_ENABLE_OBJC_WEAK = YES;
				CLANG_WARN_BLOCK_CAPTURE_AUTORELEASING = YES;
				CLANG_WARN_BOOL_CONVERSION = YES;
				CLANG_WARN_COMMA = YES;
				CLANG_WARN_CONSTANT_CONVERSION = YES;
				CLANG_WARN_DEPRECATED_OBJC_IMPLEMENTATIONS = YES;
				CLANG_WARN_DIRECT_OBJC_ISA_USAGE = YES_ERROR;
				CLANG_WARN_DOCUMENTATION_COMMENTS = YES;
				CLANG_WARN_EMPTY_BODY = YES;
				CLANG_WARN_ENUM_CONVERSION = YES;
				CLANG_WARN_INFINITE_RECURSION = YES;
				CLANG_WARN_INT_CONVERSION = YES;
				CLANG_WARN_NON_LITERAL_NULL_CONVERSION = YES;
				CLANG_WARN_OBJC_IMPLICIT_RETAIN_SELF = YES;
				CLANG_WARN_OBJC_LITERAL_CONVERSION = YES;
				CLANG_WARN_OBJC_ROOT_CLASS = YES_ERROR;
				CLANG_WARN_QUOTED_INCLUDE_IN_FRAMEWORK_HEADER = YES;
				CLANG_WARN_RANGE_LOOP_ANALYSIS = YES;
				CLANG_WARN_STRICT_PROTOTYPES = YES;
				CLANG_WARN_SUSPICIOUS_MOVE = YES;
				CLANG_WARN_UNGUARDED_AVAILABILITY = YES_AGGRESSIVE;
				CLANG_WARN_UNREACHABLE_CODE = YES;
				CLANG_WARN__DUPLICATE_METHOD_MATCH = YES;
				COPY_PHASE_STRIP = NO;
				DEBUG_INFORMATION_FORMAT = "dwarf-with-dsym";
				ENABLE_NS_ASSERTIONS = NO;
				ENABLE_STRICT_OBJC_MSGSEND = YES;
				ENABLE_USER_SCRIPT_SANDBOXING = YES;
				GCC_C_LANGUAGE_STANDARD = gnu17;
				GCC_NO_COMMON_BLOCKS = YES;
				GCC_WARN_64_TO_32_BIT_CONVERSION = YES;
				GCC_WARN_ABOUT_RETURN_TYPE = YES_ERROR;
				GCC_WARN_UNDECLARED_SELECTOR = YES;
				GCC_WARN_UNINITIALIZED_AUTOS = YES_AGGRESSIVE;
				GCC_WARN_UNUSED_FUNCTION = YES;
				GCC_WARN_UNUSED_VARIABLE = YES;
				IPHONEOS_DEPLOYMENT_TARGET = 18.1;
				LOCALIZATION_PREFERS_STRING_CATALOGS = YES;
				MTL_ENABLE_DEBUG_INFO = NO;
				MTL_FAST_MATH = YES;
				SDKROOT = iphoneos;
				SWIFT_COMPILATION_MODE = wholemodule;
				VALIDATE_PRODUCT = YES;
			};
			name = Release;
		};
		65D503832CD86EB600923A01 /* Debug */ = {
			isa = XCBuildConfiguration;
			buildSettings = {
				ASSETCATALOG_COMPILER_APPICON_NAME = AppIcon;
				ASSETCATALOG_COMPILER_GLOBAL_ACCENT_COLOR_NAME = AccentColor;
				CODE_SIGN_ENTITLEMENTS = "Spawn-App-iOS-SwiftUI/Spawn-App-iOS-SwiftUI.entitlements";
				CODE_SIGN_STYLE = Automatic;
				CURRENT_PROJECT_VERSION = 1;
				DEVELOPMENT_ASSET_PATHS = "\"Spawn-App-iOS-SwiftUI/Preview Content\"";
				DEVELOPMENT_TEAM = GUW483PXY6;
				ENABLE_PREVIEWS = YES;
				GENERATE_DSYM_FILE = YES;
				GENERATE_INFOPLIST_FILE = YES;
				INFOPLIST_FILE = "Spawn-App-iOS-SwiftUI/Info.plist";
				INFOPLIST_KEY_CFBundleDisplayName = Spawn;
				INFOPLIST_KEY_LSApplicationCategoryType = "public.app-category.social-networking";
				INFOPLIST_KEY_UIApplicationSceneManifest_Generation = YES;
				INFOPLIST_KEY_UIApplicationSupportsIndirectInputEvents = YES;
				INFOPLIST_KEY_UILaunchScreen_Generation = YES;
				INFOPLIST_KEY_UISupportedInterfaceOrientations_iPad = "UIInterfaceOrientationPortrait UIInterfaceOrientationPortraitUpsideDown UIInterfaceOrientationLandscapeLeft UIInterfaceOrientationLandscapeRight";
				INFOPLIST_KEY_UISupportedInterfaceOrientations_iPhone = "UIInterfaceOrientationPortrait UIInterfaceOrientationLandscapeLeft UIInterfaceOrientationLandscapeRight";
				IPHONEOS_DEPLOYMENT_TARGET = 16.2;
				LD_RUNPATH_SEARCH_PATHS = (
					"$(inherited)",
					"@executable_path/Frameworks",
				);
				MARKETING_VERSION = 1.0;
				PRODUCT_BUNDLE_IDENTIFIER = "danielagapov.Spawn-App-iOS-SwiftUI";
				PRODUCT_NAME = "$(TARGET_NAME)";
				SWIFT_EMIT_LOC_STRINGS = YES;
				SWIFT_PRECOMPILE_BRIDGING_HEADER = NO;
				SWIFT_VERSION = 5.0;
				TARGETED_DEVICE_FAMILY = "1,2";
			};
			name = Debug;
		};
		65D503842CD86EB600923A01 /* Release */ = {
			isa = XCBuildConfiguration;
			buildSettings = {
				ASSETCATALOG_COMPILER_APPICON_NAME = AppIcon;
				ASSETCATALOG_COMPILER_GLOBAL_ACCENT_COLOR_NAME = AccentColor;
				CODE_SIGN_ENTITLEMENTS = "Spawn-App-iOS-SwiftUI/Spawn-App-iOS-SwiftUI.entitlements";
				CODE_SIGN_STYLE = Automatic;
				CURRENT_PROJECT_VERSION = 1;
				DEVELOPMENT_ASSET_PATHS = "\"Spawn-App-iOS-SwiftUI/Preview Content\"";
				DEVELOPMENT_TEAM = GUW483PXY6;
				ENABLE_PREVIEWS = YES;
				GENERATE_DSYM_FILE = YES;
				GENERATE_INFOPLIST_FILE = YES;
				INFOPLIST_FILE = "Spawn-App-iOS-SwiftUI/Info.plist";
				INFOPLIST_KEY_CFBundleDisplayName = Spawn;
				INFOPLIST_KEY_LSApplicationCategoryType = "public.app-category.social-networking";
				INFOPLIST_KEY_UIApplicationSceneManifest_Generation = YES;
				INFOPLIST_KEY_UIApplicationSupportsIndirectInputEvents = YES;
				INFOPLIST_KEY_UILaunchScreen_Generation = YES;
				INFOPLIST_KEY_UISupportedInterfaceOrientations_iPad = "UIInterfaceOrientationPortrait UIInterfaceOrientationPortraitUpsideDown UIInterfaceOrientationLandscapeLeft UIInterfaceOrientationLandscapeRight";
				INFOPLIST_KEY_UISupportedInterfaceOrientations_iPhone = "UIInterfaceOrientationPortrait UIInterfaceOrientationLandscapeLeft UIInterfaceOrientationLandscapeRight";
				IPHONEOS_DEPLOYMENT_TARGET = 16.2;
				LD_RUNPATH_SEARCH_PATHS = (
					"$(inherited)",
					"@executable_path/Frameworks",
				);
				MARKETING_VERSION = 1.0;
				PRODUCT_BUNDLE_IDENTIFIER = "danielagapov.Spawn-App-iOS-SwiftUI";
				PRODUCT_NAME = "$(TARGET_NAME)";
				SWIFT_EMIT_LOC_STRINGS = YES;
				SWIFT_PRECOMPILE_BRIDGING_HEADER = NO;
				SWIFT_VERSION = 5.0;
				TARGETED_DEVICE_FAMILY = "1,2";
			};
			name = Release;
		};
		65D503862CD86EB600923A01 /* Debug */ = {
			isa = XCBuildConfiguration;
			buildSettings = {
				BUNDLE_LOADER = "$(TEST_HOST)";
				CODE_SIGN_STYLE = Automatic;
				CURRENT_PROJECT_VERSION = 1;
				GENERATE_INFOPLIST_FILE = YES;
				IPHONEOS_DEPLOYMENT_TARGET = 18.1;
				MARKETING_VERSION = 1.0;
				PRODUCT_BUNDLE_IDENTIFIER = "danielagapov.Spawn-App-iOS-SwiftUITests";
				PRODUCT_NAME = "$(TARGET_NAME)";
				SWIFT_EMIT_LOC_STRINGS = NO;
				SWIFT_VERSION = 5.0;
				TARGETED_DEVICE_FAMILY = "1,2";
				TEST_HOST = "$(BUILT_PRODUCTS_DIR)/Spawn-App-iOS-SwiftUI.app/$(BUNDLE_EXECUTABLE_FOLDER_PATH)/Spawn-App-iOS-SwiftUI";
			};
			name = Debug;
		};
		65D503872CD86EB600923A01 /* Release */ = {
			isa = XCBuildConfiguration;
			buildSettings = {
				BUNDLE_LOADER = "$(TEST_HOST)";
				CODE_SIGN_STYLE = Automatic;
				CURRENT_PROJECT_VERSION = 1;
				GENERATE_INFOPLIST_FILE = YES;
				IPHONEOS_DEPLOYMENT_TARGET = 18.1;
				MARKETING_VERSION = 1.0;
				PRODUCT_BUNDLE_IDENTIFIER = "danielagapov.Spawn-App-iOS-SwiftUITests";
				PRODUCT_NAME = "$(TARGET_NAME)";
				SWIFT_EMIT_LOC_STRINGS = NO;
				SWIFT_VERSION = 5.0;
				TARGETED_DEVICE_FAMILY = "1,2";
				TEST_HOST = "$(BUILT_PRODUCTS_DIR)/Spawn-App-iOS-SwiftUI.app/$(BUNDLE_EXECUTABLE_FOLDER_PATH)/Spawn-App-iOS-SwiftUI";
			};
			name = Release;
		};
		65D503892CD86EB600923A01 /* Debug */ = {
			isa = XCBuildConfiguration;
			buildSettings = {
				CODE_SIGN_STYLE = Automatic;
				CURRENT_PROJECT_VERSION = 1;
				GENERATE_INFOPLIST_FILE = YES;
				MARKETING_VERSION = 1.0;
				PRODUCT_BUNDLE_IDENTIFIER = "danielagapov.Spawn-App-iOS-SwiftUIUITests";
				PRODUCT_NAME = "$(TARGET_NAME)";
				SWIFT_EMIT_LOC_STRINGS = NO;
				SWIFT_VERSION = 5.0;
				TARGETED_DEVICE_FAMILY = "1,2";
				TEST_TARGET_NAME = "Spawn-App-iOS-SwiftUI";
			};
			name = Debug;
		};
		65D5038A2CD86EB600923A01 /* Release */ = {
			isa = XCBuildConfiguration;
			buildSettings = {
				CODE_SIGN_STYLE = Automatic;
				CURRENT_PROJECT_VERSION = 1;
				GENERATE_INFOPLIST_FILE = YES;
				MARKETING_VERSION = 1.0;
				PRODUCT_BUNDLE_IDENTIFIER = "danielagapov.Spawn-App-iOS-SwiftUIUITests";
				PRODUCT_NAME = "$(TARGET_NAME)";
				SWIFT_EMIT_LOC_STRINGS = NO;
				SWIFT_VERSION = 5.0;
				TARGETED_DEVICE_FAMILY = "1,2";
				TEST_TARGET_NAME = "Spawn-App-iOS-SwiftUI";
			};
			name = Release;
		};
/* End XCBuildConfiguration section */

/* Begin XCConfigurationList section */
		65D503542CD86EB300923A01 /* Build configuration list for PBXProject "Spawn-App-iOS-SwiftUI" */ = {
			isa = XCConfigurationList;
			buildConfigurations = (
				65D503802CD86EB600923A01 /* Debug */,
				65D503812CD86EB600923A01 /* Release */,
			);
			defaultConfigurationIsVisible = 0;
			defaultConfigurationName = Release;
		};
		65D503822CD86EB600923A01 /* Build configuration list for PBXNativeTarget "Spawn-App-iOS-SwiftUI" */ = {
			isa = XCConfigurationList;
			buildConfigurations = (
				65D503832CD86EB600923A01 /* Debug */,
				65D503842CD86EB600923A01 /* Release */,
			);
			defaultConfigurationIsVisible = 0;
			defaultConfigurationName = Release;
		};
		65D503852CD86EB600923A01 /* Build configuration list for PBXNativeTarget "Spawn-App-iOS-SwiftUITests" */ = {
			isa = XCConfigurationList;
			buildConfigurations = (
				65D503862CD86EB600923A01 /* Debug */,
				65D503872CD86EB600923A01 /* Release */,
			);
			defaultConfigurationIsVisible = 0;
			defaultConfigurationName = Release;
		};
		65D503882CD86EB600923A01 /* Build configuration list for PBXNativeTarget "Spawn-App-iOS-SwiftUIUITests" */ = {
			isa = XCConfigurationList;
			buildConfigurations = (
				65D503892CD86EB600923A01 /* Debug */,
				65D5038A2CD86EB600923A01 /* Release */,
			);
			defaultConfigurationIsVisible = 0;
			defaultConfigurationName = Release;
		};
/* End XCConfigurationList section */

/* Begin XCRemoteSwiftPackageReference section */
		654DED292DC095400059C268 /* XCRemoteSwiftPackageReference "maplibre-gl-native-distribution" */ = {
			isa = XCRemoteSwiftPackageReference;
			repositoryURL = "https://github.com/maplibre/maplibre-gl-native-distribution.git";
			requirement = {
				kind = upToNextMajorVersion;
				minimumVersion = 6.12.3;
			};
		};
		657BA6A22DCDEF9400C2ADDE /* XCRemoteSwiftPackageReference "MCEmojiPicker" */ = {
			isa = XCRemoteSwiftPackageReference;
			repositoryURL = "https://github.com/izyumkin/MCEmojiPicker";
			requirement = {
				kind = upToNextMajorVersion;
				minimumVersion = 1.2.3;
			};
		};
		658B2F312D9949F7004DE038 /* XCRemoteSwiftPackageReference "SwiftyCrop" */ = {
			isa = XCRemoteSwiftPackageReference;
			repositoryURL = "https://github.com/benedom/SwiftyCrop";
			requirement = {
				branch = master;
				kind = branch;
			};
		};
		AAEC10122DC08AB30089C05A /* XCRemoteSwiftPackageReference "firebase-ios-sdk" */ = {
			isa = XCRemoteSwiftPackageReference;
			repositoryURL = "https://github.com/firebase/firebase-ios-sdk";
			requirement = {
				kind = upToNextMajorVersion;
				minimumVersion = 11.12.0;
			};
		};
		DC0171572D43507E003BF3DB /* XCRemoteSwiftPackageReference "GoogleSignIn-iOS" */ = {
			isa = XCRemoteSwiftPackageReference;
			repositoryURL = "https://github.com/google/GoogleSignIn-iOS";
			requirement = {
				kind = upToNextMajorVersion;
				minimumVersion = 8.0.0;
			};
		};
		DC46ADCC2E20E4850006CB18 /* XCRemoteSwiftPackageReference "Elegant-Emoji-Picker" */ = {
			isa = XCRemoteSwiftPackageReference;
			repositoryURL = "https://github.com/Finalet/Elegant-Emoji-Picker";
			requirement = {
				branch = main;
				kind = branch;
			};
		};
		DC46AFB02E232D160006CB18 /* XCRemoteSwiftPackageReference "rive-ios" */ = {
			isa = XCRemoteSwiftPackageReference;
			repositoryURL = "https://github.com/rive-app/rive-ios";
			requirement = {
				kind = upToNextMajorVersion;
				minimumVersion = 6.10.0;
			};
		};
/* End XCRemoteSwiftPackageReference section */

/* Begin XCSwiftPackageProductDependency section */
		654DED2A2DC095400059C268 /* MapLibre */ = {
			isa = XCSwiftPackageProductDependency;
			package = 654DED292DC095400059C268 /* XCRemoteSwiftPackageReference "maplibre-gl-native-distribution" */;
			productName = MapLibre;
		};
		657BA6A32DCDEF9400C2ADDE /* MCEmojiPicker */ = {
			isa = XCSwiftPackageProductDependency;
			package = 657BA6A22DCDEF9400C2ADDE /* XCRemoteSwiftPackageReference "MCEmojiPicker" */;
			productName = MCEmojiPicker;
		};
		658B2F322D9949F7004DE038 /* SwiftyCrop */ = {
			isa = XCSwiftPackageProductDependency;
			package = 658B2F312D9949F7004DE038 /* XCRemoteSwiftPackageReference "SwiftyCrop" */;
			productName = SwiftyCrop;
		};
		AAEC10132DC08AB30089C05A /* FirebaseInAppMessaging-Beta */ = {
			isa = XCSwiftPackageProductDependency;
			package = AAEC10122DC08AB30089C05A /* XCRemoteSwiftPackageReference "firebase-ios-sdk" */;
			productName = "FirebaseInAppMessaging-Beta";
		};
		AAEC10152DC08AB30089C05A /* FirebaseMessaging */ = {
			isa = XCSwiftPackageProductDependency;
			package = AAEC10122DC08AB30089C05A /* XCRemoteSwiftPackageReference "firebase-ios-sdk" */;
			productName = FirebaseMessaging;
		};
		AAEC10172DC08D4C0089C05A /* FirebaseCore */ = {
			isa = XCSwiftPackageProductDependency;
			package = AAEC10122DC08AB30089C05A /* XCRemoteSwiftPackageReference "firebase-ios-sdk" */;
			productName = FirebaseCore;
		};
		DC0171582D43507E003BF3DB /* GoogleSignIn */ = {
			isa = XCSwiftPackageProductDependency;
			package = DC0171572D43507E003BF3DB /* XCRemoteSwiftPackageReference "GoogleSignIn-iOS" */;
			productName = GoogleSignIn;
		};
		DC01715A2D43507E003BF3DB /* GoogleSignInSwift */ = {
			isa = XCSwiftPackageProductDependency;
			package = DC0171572D43507E003BF3DB /* XCRemoteSwiftPackageReference "GoogleSignIn-iOS" */;
			productName = GoogleSignInSwift;
		};
		DC46ADCD2E20E4850006CB18 /* ElegantEmojiPicker */ = {
			isa = XCSwiftPackageProductDependency;
			package = DC46ADCC2E20E4850006CB18 /* XCRemoteSwiftPackageReference "Elegant-Emoji-Picker" */;
			productName = ElegantEmojiPicker;
		};
		DC46AFB12E232D160006CB18 /* RiveRuntime */ = {
			isa = XCSwiftPackageProductDependency;
			package = DC46AFB02E232D160006CB18 /* XCRemoteSwiftPackageReference "rive-ios" */;
			productName = RiveRuntime;
		};
/* End XCSwiftPackageProductDependency section */
	};
	rootObject = 65D503512CD86EB300923A01 /* Project object */;
}
